
Microsoft Visual Studio Solution File, Format Version 12.00
# Visual Studio Version 17
VisualStudioVersion = 17.8.34330.188
MinimumVisualStudioVersion = 10.0.40219.1
Project("{FAE04EC0-301F-11D3-BF4B-00C04F79EFBC}") = "ProjectManagament-WebApp", "ProjectManagament-WebApp.csproj", "{1876180F-2B39-4217-9F01-5F5F0218EE93}"
EndProject
Global
	GlobalSection(SolutionConfigurationPlatforms) = preSolution
		Debug|Any CPU = Debug|Any CPU
		Release|Any CPU = Release|Any CPU
	EndGlobalSection
	GlobalSection(ProjectConfigurationPlatforms) = postSolution
		{1876180F-2B39-4217-9F01-5F5F0218EE93}.Debug|Any CPU.ActiveCfg = Debug|Any CPU
		{1876180F-2B39-4217-9F01-5F5F0218EE93}.Debug|Any CPU.Build.0 = Debug|Any CPU
		{1876180F-2B39-4217-9F01-5F5F0218EE93}.Release|Any CPU.ActiveCfg = Release|Any CPU
		{1876180F-2B39-4217-9F01-5F5F0218EE93}.Release|Any CPU.Build.0 = Release|Any CPU
	EndGlobalSection
	GlobalSection(SolutionProperties) = preSolution
		HideSolutionNode = FALSE
	EndGlobalSection
	GlobalSection(ExtensibilityGlobals) = postSolution
		SolutionGuid = {7D9EA9F6-0422-4B7C-8DAE-7E0AB2AC1002}
	EndGlobalSection
EndGlobal
